%{
  "aspire": {:hex, :aspire, "0.1.0", "fa381c3583c2fb4b2a1dfa945dee52ac017d7043cc7bfa76dfd4323eaa547037", [], [], "hexpm"},
  "earmark": {:hex, :earmark, "1.2.4", "99b637c62a4d65a20a9fb674b8cffb8baa771c04605a80c911c4418c69b75439", [], [], "hexpm"},
  "ex_doc": {:hex, :ex_doc, "0.18.3", "f4b0e4a2ec6f333dccf761838a4b253d75e11f714b85ae271c9ae361367897b7", [], [{:earmark, "~> 1.1", [hex: :earmark, repo: "hexpm", optional: false]}], "hexpm"},
  "fast_yaml": {:hex, :fast_yaml, "1.0.12", "ee8527d388255cf7a24fc1e6cb2d09dca4e506966dd9d86e61d3d90f236a3e2e", [:rebar3], [{:p1_utils, "1.0.10", [hex: :p1_utils, repo: "hexpm", optional: false]}], "hexpm"},
  "libyaml": {:git, "git://github.com/timCF/libyaml", "c91da4716967086dbfbed2912131e16926c98f09", []},
  "maybe": {:git, "https://github.com/timCF/maybe.git", "ce235c33dfb626934159b23a3abe296e075f0522", []},
  "p1_utils": {:hex, :p1_utils, "1.0.10", "a6d6927114bac79cf6468a10824125492034af7071adc6ed5ebc4ddb443845d4", [:rebar3], [], "hexpm"},
}
